
Microsoft Visual Studio Solution File, Format Version 12.00
# Visual Studio 15
VisualStudioVersion = 15.0.27130.2027
MinimumVisualStudioVersion = 10.0.40219.1
Project("{FAE04EC0-301F-11D3-BF4B-00C04F79EFBC}") = "TestClient", "TestClient.csproj", "{FA4873AF-B2CF-449B-AFCB-E6C3606DACFC}"
EndProject
Project("{9A19103F-16F7-4668-BE54-9A1E7A4F7556}") = "Strategy1", "..\Strategy1\Strategy1.csproj", "{1475D8DA-770D-403B-A4A2-C789DCFA4259}"
EndProject
Project("{9A19103F-16F7-4668-BE54-9A1E7A4F7556}") = "DependencyLibrary", "..\DependencyLibrary\DependencyLibrary.csproj", "{323CB772-B8AA-4457-99D0-98C06A81C993}"
EndProject
Project("{9A19103F-16F7-4668-BE54-9A1E7A4F7556}") = "DevelopmentInProgress.MarketView.Interface", "..\..\..\tradeview\src\DevelopmentInProgress.MarketView.Interface\DevelopmentInProgress.MarketView.Interface.csproj", "{9A3999F8-4357-45BB-847C-8818082DF38A}"
EndProject
Global
	GlobalSection(SolutionConfigurationPlatforms) = preSolution
		Debug|Any CPU = Debug|Any CPU
		Release|Any CPU = Release|Any CPU
	EndGlobalSection
	GlobalSection(ProjectConfigurationPlatforms) = postSolution
		{FA4873AF-B2CF-449B-AFCB-E6C3606DACFC}.Debug|Any CPU.ActiveCfg = Debug|Any CPU
		{FA4873AF-B2CF-449B-AFCB-E6C3606DACFC}.Debug|Any CPU.Build.0 = Debug|Any CPU
		{FA4873AF-B2CF-449B-AFCB-E6C3606DACFC}.Release|Any CPU.ActiveCfg = Release|Any CPU
		{FA4873AF-B2CF-449B-AFCB-E6C3606DACFC}.Release|Any CPU.Build.0 = Release|Any CPU
		{1475D8DA-770D-403B-A4A2-C789DCFA4259}.Debug|Any CPU.ActiveCfg = Debug|Any CPU
		{1475D8DA-770D-403B-A4A2-C789DCFA4259}.Debug|Any CPU.Build.0 = Debug|Any CPU
		{1475D8DA-770D-403B-A4A2-C789DCFA4259}.Release|Any CPU.ActiveCfg = Release|Any CPU
		{1475D8DA-770D-403B-A4A2-C789DCFA4259}.Release|Any CPU.Build.0 = Release|Any CPU
		{323CB772-B8AA-4457-99D0-98C06A81C993}.Debug|Any CPU.ActiveCfg = Debug|Any CPU
		{323CB772-B8AA-4457-99D0-98C06A81C993}.Debug|Any CPU.Build.0 = Debug|Any CPU
		{323CB772-B8AA-4457-99D0-98C06A81C993}.Release|Any CPU.ActiveCfg = Release|Any CPU
		{323CB772-B8AA-4457-99D0-98C06A81C993}.Release|Any CPU.Build.0 = Release|Any CPU
		{9A3999F8-4357-45BB-847C-8818082DF38A}.Debug|Any CPU.ActiveCfg = Debug|Any CPU
		{9A3999F8-4357-45BB-847C-8818082DF38A}.Debug|Any CPU.Build.0 = Debug|Any CPU
		{9A3999F8-4357-45BB-847C-8818082DF38A}.Release|Any CPU.ActiveCfg = Release|Any CPU
		{9A3999F8-4357-45BB-847C-8818082DF38A}.Release|Any CPU.Build.0 = Release|Any CPU
	EndGlobalSection
	GlobalSection(SolutionProperties) = preSolution
		HideSolutionNode = FALSE
	EndGlobalSection
	GlobalSection(ExtensibilityGlobals) = postSolution
		SolutionGuid = {D2BFB4C2-8508-4B2D-8E26-20C68BCB4531}
	EndGlobalSection
EndGlobal
