
Microsoft Visual Studio Solution File, Format Version 12.00
# Visual Studio Version 16
VisualStudioVersion = 16.0.29503.13
MinimumVisualStudioVersion = 10.0.40219.1
Project("{2150E333-8FDC-42A3-9474-1A3956D46DE8}") = "Tests", "Tests", "{85AD2FD5-1852-4959-9CD8-F9D6A3F6444E}"
EndProject
Project("{9A19103F-16F7-4668-BE54-9A1E7A4F7556}") = "DevelopmentInProgress.MarketView.StrategyRunner.Test", "test\DevelopmentInProgress.MarketView.StrategyRunner.Test\DevelopmentInProgress.MarketView.StrategyRunner.Test.csproj", "{7237EBCE-A414-44F7-84AB-BE8C39340E51}"
EndProject
Project("{9A19103F-16F7-4668-BE54-9A1E7A4F7556}") = "DevelopmentInProgress.TradeServer.Console", "src\DevelopmentInProgress.TradeServer.Console\DevelopmentInProgress.TradeServer.Console.csproj", "{E9171234-5CD8-4829-9D14-DF15BCC7E618}"
EndProject
Project("{9A19103F-16F7-4668-BE54-9A1E7A4F7556}") = "DevelopmentInProgress.TradeServer.StrategyRunner.WebHost", "src\DevelopmentInProgress.TradeServer.StrategyRunner.WebHost\DevelopmentInProgress.TradeServer.StrategyRunner.WebHost.csproj", "{DE89A184-3C66-4CFC-9658-FE33C486ED8F}"
EndProject
Project("{9A19103F-16F7-4668-BE54-9A1E7A4F7556}") = "DevelopmentInProgress.TradeView.Common", "..\tradeview\src\DevelopmentInProgress.TradeView.Common\DevelopmentInProgress.TradeView.Common.csproj", "{DBB27938-5D46-43AD-8FDA-DEB04FC76767}"
EndProject
Project("{9A19103F-16F7-4668-BE54-9A1E7A4F7556}") = "DevelopmentInProgress.TradeView.Service", "..\tradeview\src\DevelopmentInProgress.TradeView.Service\DevelopmentInProgress.TradeView.Service.csproj", "{B36E1144-FB2F-4949-8DB4-92DFC5128F93}"
EndProject
Project("{9A19103F-16F7-4668-BE54-9A1E7A4F7556}") = "DevelopmentInProgress.TradeView.Api.Binance", "..\tradeview\src\DevelopmentInProgress.TradeView.Api.Binance\DevelopmentInProgress.TradeView.Api.Binance.csproj", "{16FDB5D9-42EA-424E-9A93-4BF05248936F}"
EndProject
Project("{9A19103F-16F7-4668-BE54-9A1E7A4F7556}") = "DevelopmentInProgress.TradeView.Api.Kucoin", "..\tradeview\src\DevelopmentInProgress.TradeView.Api.Kucoin\DevelopmentInProgress.TradeView.Api.Kucoin.csproj", "{57E1B229-D027-486C-AAA8-93992F93E274}"
EndProject
Project("{9A19103F-16F7-4668-BE54-9A1E7A4F7556}") = "DevelopmentInProgress.Socket", "..\tradeview\src\DevelopmentInProgress.Socket\DevelopmentInProgress.Socket.csproj", "{F042778D-FB48-47CE-B89F-62BB24F812B3}"
EndProject
Project("{9A19103F-16F7-4668-BE54-9A1E7A4F7556}") = "DevelopmentInProgress.Socket.Extensions", "src\DevelopmentInProgress.Socket.Extensions\DevelopmentInProgress.Socket.Extensions.csproj", "{0BC9623E-AFEE-4799-B8C9-8DC4262347FE}"
EndProject
Project("{9A19103F-16F7-4668-BE54-9A1E7A4F7556}") = "DevelopmentInProgress.TradeView.Core", "..\tradeview\src\DevelopmentInProgress.TradeView.Core\DevelopmentInProgress.TradeView.Core.csproj", "{0F470D4F-DDE5-47BD-B3E0-7E2DE43F5B19}"
EndProject
Global
	GlobalSection(SolutionConfigurationPlatforms) = preSolution
		Debug|Any CPU = Debug|Any CPU
		Release|Any CPU = Release|Any CPU
	EndGlobalSection
	GlobalSection(ProjectConfigurationPlatforms) = postSolution
		{7237EBCE-A414-44F7-84AB-BE8C39340E51}.Debug|Any CPU.ActiveCfg = Debug|Any CPU
		{7237EBCE-A414-44F7-84AB-BE8C39340E51}.Debug|Any CPU.Build.0 = Debug|Any CPU
		{7237EBCE-A414-44F7-84AB-BE8C39340E51}.Release|Any CPU.ActiveCfg = Release|Any CPU
		{7237EBCE-A414-44F7-84AB-BE8C39340E51}.Release|Any CPU.Build.0 = Release|Any CPU
		{E9171234-5CD8-4829-9D14-DF15BCC7E618}.Debug|Any CPU.ActiveCfg = Debug|Any CPU
		{E9171234-5CD8-4829-9D14-DF15BCC7E618}.Debug|Any CPU.Build.0 = Debug|Any CPU
		{E9171234-5CD8-4829-9D14-DF15BCC7E618}.Release|Any CPU.ActiveCfg = Release|Any CPU
		{E9171234-5CD8-4829-9D14-DF15BCC7E618}.Release|Any CPU.Build.0 = Release|Any CPU
		{DE89A184-3C66-4CFC-9658-FE33C486ED8F}.Debug|Any CPU.ActiveCfg = Debug|Any CPU
		{DE89A184-3C66-4CFC-9658-FE33C486ED8F}.Debug|Any CPU.Build.0 = Debug|Any CPU
		{DE89A184-3C66-4CFC-9658-FE33C486ED8F}.Release|Any CPU.ActiveCfg = Release|Any CPU
		{DE89A184-3C66-4CFC-9658-FE33C486ED8F}.Release|Any CPU.Build.0 = Release|Any CPU
		{DBB27938-5D46-43AD-8FDA-DEB04FC76767}.Debug|Any CPU.ActiveCfg = Debug|Any CPU
		{DBB27938-5D46-43AD-8FDA-DEB04FC76767}.Debug|Any CPU.Build.0 = Debug|Any CPU
		{DBB27938-5D46-43AD-8FDA-DEB04FC76767}.Release|Any CPU.ActiveCfg = Release|Any CPU
		{DBB27938-5D46-43AD-8FDA-DEB04FC76767}.Release|Any CPU.Build.0 = Release|Any CPU
		{B36E1144-FB2F-4949-8DB4-92DFC5128F93}.Debug|Any CPU.ActiveCfg = Debug|Any CPU
		{B36E1144-FB2F-4949-8DB4-92DFC5128F93}.Debug|Any CPU.Build.0 = Debug|Any CPU
		{B36E1144-FB2F-4949-8DB4-92DFC5128F93}.Release|Any CPU.ActiveCfg = Release|Any CPU
		{B36E1144-FB2F-4949-8DB4-92DFC5128F93}.Release|Any CPU.Build.0 = Release|Any CPU
		{16FDB5D9-42EA-424E-9A93-4BF05248936F}.Debug|Any CPU.ActiveCfg = Debug|Any CPU
		{16FDB5D9-42EA-424E-9A93-4BF05248936F}.Debug|Any CPU.Build.0 = Debug|Any CPU
		{16FDB5D9-42EA-424E-9A93-4BF05248936F}.Release|Any CPU.ActiveCfg = Release|Any CPU
		{16FDB5D9-42EA-424E-9A93-4BF05248936F}.Release|Any CPU.Build.0 = Release|Any CPU
		{57E1B229-D027-486C-AAA8-93992F93E274}.Debug|Any CPU.ActiveCfg = Debug|Any CPU
		{57E1B229-D027-486C-AAA8-93992F93E274}.Debug|Any CPU.Build.0 = Debug|Any CPU
		{57E1B229-D027-486C-AAA8-93992F93E274}.Release|Any CPU.ActiveCfg = Release|Any CPU
		{57E1B229-D027-486C-AAA8-93992F93E274}.Release|Any CPU.Build.0 = Release|Any CPU
		{F042778D-FB48-47CE-B89F-62BB24F812B3}.Debug|Any CPU.ActiveCfg = Debug|Any CPU
		{F042778D-FB48-47CE-B89F-62BB24F812B3}.Debug|Any CPU.Build.0 = Debug|Any CPU
		{F042778D-FB48-47CE-B89F-62BB24F812B3}.Release|Any CPU.ActiveCfg = Release|Any CPU
		{F042778D-FB48-47CE-B89F-62BB24F812B3}.Release|Any CPU.Build.0 = Release|Any CPU
		{0BC9623E-AFEE-4799-B8C9-8DC4262347FE}.Debug|Any CPU.ActiveCfg = Debug|Any CPU
		{0BC9623E-AFEE-4799-B8C9-8DC4262347FE}.Debug|Any CPU.Build.0 = Debug|Any CPU
		{0BC9623E-AFEE-4799-B8C9-8DC4262347FE}.Release|Any CPU.ActiveCfg = Release|Any CPU
		{0BC9623E-AFEE-4799-B8C9-8DC4262347FE}.Release|Any CPU.Build.0 = Release|Any CPU
		{0F470D4F-DDE5-47BD-B3E0-7E2DE43F5B19}.Debug|Any CPU.ActiveCfg = Debug|Any CPU
		{0F470D4F-DDE5-47BD-B3E0-7E2DE43F5B19}.Debug|Any CPU.Build.0 = Debug|Any CPU
		{0F470D4F-DDE5-47BD-B3E0-7E2DE43F5B19}.Release|Any CPU.ActiveCfg = Release|Any CPU
		{0F470D4F-DDE5-47BD-B3E0-7E2DE43F5B19}.Release|Any CPU.Build.0 = Release|Any CPU
	EndGlobalSection
	GlobalSection(SolutionProperties) = preSolution
		HideSolutionNode = FALSE
	EndGlobalSection
	GlobalSection(NestedProjects) = preSolution
		{7237EBCE-A414-44F7-84AB-BE8C39340E51} = {85AD2FD5-1852-4959-9CD8-F9D6A3F6444E}
	EndGlobalSection
	GlobalSection(ExtensibilityGlobals) = postSolution
		SolutionGuid = {9B0C2F66-AB35-4211-B3BF-7722F033F3CC}
	EndGlobalSection
EndGlobal
