
Microsoft Visual Studio Solution File, Format Version 12.00
# Visual Studio 15
VisualStudioVersion = 15.0.27130.2027
MinimumVisualStudioVersion = 10.0.40219.1
Project("{2150E333-8FDC-42A3-9474-1A3956D46DE8}") = "Tests", "Tests", "{85AD2FD5-1852-4959-9CD8-F9D6A3F6444E}"
EndProject
Project("{2150E333-8FDC-42A3-9474-1A3956D46DE8}") = "Binance", "Binance", "{36A14957-63DF-4947-A1EE-B135380D0C38}"
EndProject
Project("{9A19103F-16F7-4668-BE54-9A1E7A4F7556}") = "Binance", "..\Binance\src\Binance\Binance.csproj", "{0E9F2F21-F8F1-48AB-8185-33DD7CDCFD9B}"
EndProject
Project("{9A19103F-16F7-4668-BE54-9A1E7A4F7556}") = "DevelopmentInProgress.MarketView.StrategyRunner.Test", "test\DevelopmentInProgress.MarketView.StrategyRunner.Test\DevelopmentInProgress.MarketView.StrategyRunner.Test.csproj", "{7237EBCE-A414-44F7-84AB-BE8C39340E51}"
EndProject
Project("{9A19103F-16F7-4668-BE54-9A1E7A4F7556}") = "DevelopmentInProgress.MarketView.Api.Binance", "..\tradeview\src\DevelopmentInProgress.MarketView.Api.Binance\DevelopmentInProgress.MarketView.Api.Binance.csproj", "{4212C699-AD67-4D45-BB7C-C301E7E0F9EE}"
EndProject
Project("{9A19103F-16F7-4668-BE54-9A1E7A4F7556}") = "DevelopmentInProgress.MarketView.Interface", "..\tradeview\src\DevelopmentInProgress.MarketView.Interface\DevelopmentInProgress.MarketView.Interface.csproj", "{648E9ECE-DC33-42F4-B246-57656ACE245A}"
EndProject
Project("{9A19103F-16F7-4668-BE54-9A1E7A4F7556}") = "DevelopmentInProgress.MarketView.Service", "..\tradeview\src\DevelopmentInProgress.MarketView.Service\DevelopmentInProgress.MarketView.Service.csproj", "{705BC270-C11E-4D57-81AD-CFCD7A7547EE}"
EndProject
Project("{9A19103F-16F7-4668-BE54-9A1E7A4F7556}") = "DipSocket", "..\dipsocket\src\DipSocket\DipSocket.csproj", "{AEA3E539-D8B0-47C7-92C1-1972F30F9658}"
EndProject
Project("{9A19103F-16F7-4668-BE54-9A1E7A4F7556}") = "DipSocket.NetCore.Extensions", "..\dipsocket\src\DipSocket.NetCore.Extensions\DipSocket.NetCore.Extensions.csproj", "{F8B089AC-E659-4181-BAC9-FA6256EF0039}"
EndProject
Project("{9A19103F-16F7-4668-BE54-9A1E7A4F7556}") = "DevelopmentInProgress.TradeServer.Console", "src\DevelopmentInProgress.TradeServer.Console\DevelopmentInProgress.TradeServer.Console.csproj", "{E9171234-5CD8-4829-9D14-DF15BCC7E618}"
EndProject
Project("{9A19103F-16F7-4668-BE54-9A1E7A4F7556}") = "DevelopmentInProgress.TradeServer.StrategyRunner.WebHost", "src\DevelopmentInProgress.TradeServer.StrategyRunner.WebHost\DevelopmentInProgress.TradeServer.StrategyRunner.WebHost.csproj", "{DE89A184-3C66-4CFC-9658-FE33C486ED8F}"
EndProject
Global
	GlobalSection(SolutionConfigurationPlatforms) = preSolution
		Debug|Any CPU = Debug|Any CPU
		Release|Any CPU = Release|Any CPU
	EndGlobalSection
	GlobalSection(ProjectConfigurationPlatforms) = postSolution
		{0E9F2F21-F8F1-48AB-8185-33DD7CDCFD9B}.Debug|Any CPU.ActiveCfg = Debug|Any CPU
		{0E9F2F21-F8F1-48AB-8185-33DD7CDCFD9B}.Debug|Any CPU.Build.0 = Debug|Any CPU
		{0E9F2F21-F8F1-48AB-8185-33DD7CDCFD9B}.Release|Any CPU.ActiveCfg = Release|Any CPU
		{0E9F2F21-F8F1-48AB-8185-33DD7CDCFD9B}.Release|Any CPU.Build.0 = Release|Any CPU
		{7237EBCE-A414-44F7-84AB-BE8C39340E51}.Debug|Any CPU.ActiveCfg = Debug|Any CPU
		{7237EBCE-A414-44F7-84AB-BE8C39340E51}.Debug|Any CPU.Build.0 = Debug|Any CPU
		{7237EBCE-A414-44F7-84AB-BE8C39340E51}.Release|Any CPU.ActiveCfg = Release|Any CPU
		{7237EBCE-A414-44F7-84AB-BE8C39340E51}.Release|Any CPU.Build.0 = Release|Any CPU
		{4212C699-AD67-4D45-BB7C-C301E7E0F9EE}.Debug|Any CPU.ActiveCfg = Debug|Any CPU
		{4212C699-AD67-4D45-BB7C-C301E7E0F9EE}.Debug|Any CPU.Build.0 = Debug|Any CPU
		{4212C699-AD67-4D45-BB7C-C301E7E0F9EE}.Release|Any CPU.ActiveCfg = Release|Any CPU
		{4212C699-AD67-4D45-BB7C-C301E7E0F9EE}.Release|Any CPU.Build.0 = Release|Any CPU
		{648E9ECE-DC33-42F4-B246-57656ACE245A}.Debug|Any CPU.ActiveCfg = Debug|Any CPU
		{648E9ECE-DC33-42F4-B246-57656ACE245A}.Debug|Any CPU.Build.0 = Debug|Any CPU
		{648E9ECE-DC33-42F4-B246-57656ACE245A}.Release|Any CPU.ActiveCfg = Release|Any CPU
		{648E9ECE-DC33-42F4-B246-57656ACE245A}.Release|Any CPU.Build.0 = Release|Any CPU
		{705BC270-C11E-4D57-81AD-CFCD7A7547EE}.Debug|Any CPU.ActiveCfg = Debug|Any CPU
		{705BC270-C11E-4D57-81AD-CFCD7A7547EE}.Debug|Any CPU.Build.0 = Debug|Any CPU
		{705BC270-C11E-4D57-81AD-CFCD7A7547EE}.Release|Any CPU.ActiveCfg = Release|Any CPU
		{705BC270-C11E-4D57-81AD-CFCD7A7547EE}.Release|Any CPU.Build.0 = Release|Any CPU
		{AEA3E539-D8B0-47C7-92C1-1972F30F9658}.Debug|Any CPU.ActiveCfg = Debug|Any CPU
		{AEA3E539-D8B0-47C7-92C1-1972F30F9658}.Debug|Any CPU.Build.0 = Debug|Any CPU
		{AEA3E539-D8B0-47C7-92C1-1972F30F9658}.Release|Any CPU.ActiveCfg = Release|Any CPU
		{AEA3E539-D8B0-47C7-92C1-1972F30F9658}.Release|Any CPU.Build.0 = Release|Any CPU
		{F8B089AC-E659-4181-BAC9-FA6256EF0039}.Debug|Any CPU.ActiveCfg = Debug|Any CPU
		{F8B089AC-E659-4181-BAC9-FA6256EF0039}.Debug|Any CPU.Build.0 = Debug|Any CPU
		{F8B089AC-E659-4181-BAC9-FA6256EF0039}.Release|Any CPU.ActiveCfg = Release|Any CPU
		{F8B089AC-E659-4181-BAC9-FA6256EF0039}.Release|Any CPU.Build.0 = Release|Any CPU
		{E9171234-5CD8-4829-9D14-DF15BCC7E618}.Debug|Any CPU.ActiveCfg = Debug|Any CPU
		{E9171234-5CD8-4829-9D14-DF15BCC7E618}.Debug|Any CPU.Build.0 = Debug|Any CPU
		{E9171234-5CD8-4829-9D14-DF15BCC7E618}.Release|Any CPU.ActiveCfg = Release|Any CPU
		{E9171234-5CD8-4829-9D14-DF15BCC7E618}.Release|Any CPU.Build.0 = Release|Any CPU
		{DE89A184-3C66-4CFC-9658-FE33C486ED8F}.Debug|Any CPU.ActiveCfg = Debug|Any CPU
		{DE89A184-3C66-4CFC-9658-FE33C486ED8F}.Debug|Any CPU.Build.0 = Debug|Any CPU
		{DE89A184-3C66-4CFC-9658-FE33C486ED8F}.Release|Any CPU.ActiveCfg = Release|Any CPU
		{DE89A184-3C66-4CFC-9658-FE33C486ED8F}.Release|Any CPU.Build.0 = Release|Any CPU
	EndGlobalSection
	GlobalSection(SolutionProperties) = preSolution
		HideSolutionNode = FALSE
	EndGlobalSection
	GlobalSection(NestedProjects) = preSolution
		{0E9F2F21-F8F1-48AB-8185-33DD7CDCFD9B} = {36A14957-63DF-4947-A1EE-B135380D0C38}
		{7237EBCE-A414-44F7-84AB-BE8C39340E51} = {85AD2FD5-1852-4959-9CD8-F9D6A3F6444E}
	EndGlobalSection
	GlobalSection(ExtensibilityGlobals) = postSolution
		SolutionGuid = {9B0C2F66-AB35-4211-B3BF-7722F033F3CC}
	EndGlobalSection
EndGlobal
