
Microsoft Visual Studio Solution File, Format Version 12.00
# Visual Studio 15
VisualStudioVersion = 15.0.27130.2027
MinimumVisualStudioVersion = 10.0.40219.1
Project("{9A19103F-16F7-4668-BE54-9A1E7A4F7556}") = "DevelopmentInProgress.MarketView.Interface", "..\..\tradeview\src\DevelopmentInProgress.MarketView.Interface\DevelopmentInProgress.MarketView.Interface.csproj", "{B3176D1D-EC7E-4222-918C-AC42D53571FE}"
EndProject
Project("{9A19103F-16F7-4668-BE54-9A1E7A4F7556}") = "DevelopmentInProgress.MarketView.Service", "..\..\tradeview\src\DevelopmentInProgress.MarketView.Service\DevelopmentInProgress.MarketView.Service.csproj", "{08FBD958-39B8-4DBD-BFD0-6D9A461A1E2E}"
EndProject
Project("{9A19103F-16F7-4668-BE54-9A1E7A4F7556}") = "DevelopmentInProgress.MarketView.Api.Binance", "..\..\tradeview\src\DevelopmentInProgress.MarketView.Api.Binance\DevelopmentInProgress.MarketView.Api.Binance.csproj", "{D76EA997-F817-4B2D-B250-665AF15713A7}"
EndProject
Project("{9A19103F-16F7-4668-BE54-9A1E7A4F7556}") = "DevelopmentInProgress.TradeServer.Console", "DevelopmentInProgress.TradeServer.Console\DevelopmentInProgress.TradeServer.Console.csproj", "{2C75DAF7-4B5C-49A2-9D3B-C3D71794C829}"
EndProject
Project("{2150E333-8FDC-42A3-9474-1A3956D46DE8}") = "Tests", "Tests", "{85AD2FD5-1852-4959-9CD8-F9D6A3F6444E}"
EndProject
Project("{9A19103F-16F7-4668-BE54-9A1E7A4F7556}") = "DevelopmentInProgress.TradeServer.StrategyRunner.WebHost", "DevelopmentInProgress.TradeServer.StrategyRunner.WebHost\DevelopmentInProgress.TradeServer.StrategyRunner.WebHost.csproj", "{7C08F4D2-F2C6-47D5-9AFB-8431233F659E}"
EndProject
Project("{9A19103F-16F7-4668-BE54-9A1E7A4F7556}") = "DevelopmentInProgress.MarketView.StrategyRunner.Test", "..\test\DevelopmentInProgress.MarketView.StrategyRunner.Test\DevelopmentInProgress.MarketView.StrategyRunner.Test.csproj", "{87085A0B-2743-49AE-9D56-78139E975178}"
EndProject
Project("{9A19103F-16F7-4668-BE54-9A1E7A4F7556}") = "DipSocket.NetCore.Extensions", "..\..\dipsocket\src\DipSocket.NetCore.Extensions\DipSocket.NetCore.Extensions.csproj", "{5DD181A0-4EB7-422A-B03A-95883F905177}"
EndProject
Project("{9A19103F-16F7-4668-BE54-9A1E7A4F7556}") = "DipSocket", "..\..\dipsocket\src\DipSocket\DipSocket.csproj", "{DF00FA14-2269-44ED-B8D2-F4756674ED8E}"
EndProject
Project("{2150E333-8FDC-42A3-9474-1A3956D46DE8}") = "Binance", "Binance", "{36A14957-63DF-4947-A1EE-B135380D0C38}"
EndProject
Project("{9A19103F-16F7-4668-BE54-9A1E7A4F7556}") = "Binance", "..\..\Binance\src\Binance\Binance.csproj", "{7C139153-D751-44EB-8A81-4D2D85E1AA3C}"
EndProject
Global
	GlobalSection(SolutionConfigurationPlatforms) = preSolution
		Debug|Any CPU = Debug|Any CPU
		Release|Any CPU = Release|Any CPU
	EndGlobalSection
	GlobalSection(ProjectConfigurationPlatforms) = postSolution
		{B3176D1D-EC7E-4222-918C-AC42D53571FE}.Debug|Any CPU.ActiveCfg = Debug|Any CPU
		{B3176D1D-EC7E-4222-918C-AC42D53571FE}.Debug|Any CPU.Build.0 = Debug|Any CPU
		{B3176D1D-EC7E-4222-918C-AC42D53571FE}.Release|Any CPU.ActiveCfg = Release|Any CPU
		{B3176D1D-EC7E-4222-918C-AC42D53571FE}.Release|Any CPU.Build.0 = Release|Any CPU
		{08FBD958-39B8-4DBD-BFD0-6D9A461A1E2E}.Debug|Any CPU.ActiveCfg = Debug|Any CPU
		{08FBD958-39B8-4DBD-BFD0-6D9A461A1E2E}.Debug|Any CPU.Build.0 = Debug|Any CPU
		{08FBD958-39B8-4DBD-BFD0-6D9A461A1E2E}.Release|Any CPU.ActiveCfg = Release|Any CPU
		{08FBD958-39B8-4DBD-BFD0-6D9A461A1E2E}.Release|Any CPU.Build.0 = Release|Any CPU
		{D76EA997-F817-4B2D-B250-665AF15713A7}.Debug|Any CPU.ActiveCfg = Debug|Any CPU
		{D76EA997-F817-4B2D-B250-665AF15713A7}.Debug|Any CPU.Build.0 = Debug|Any CPU
		{D76EA997-F817-4B2D-B250-665AF15713A7}.Release|Any CPU.ActiveCfg = Release|Any CPU
		{D76EA997-F817-4B2D-B250-665AF15713A7}.Release|Any CPU.Build.0 = Release|Any CPU
		{2C75DAF7-4B5C-49A2-9D3B-C3D71794C829}.Debug|Any CPU.ActiveCfg = Debug|Any CPU
		{2C75DAF7-4B5C-49A2-9D3B-C3D71794C829}.Debug|Any CPU.Build.0 = Debug|Any CPU
		{2C75DAF7-4B5C-49A2-9D3B-C3D71794C829}.Release|Any CPU.ActiveCfg = Release|Any CPU
		{2C75DAF7-4B5C-49A2-9D3B-C3D71794C829}.Release|Any CPU.Build.0 = Release|Any CPU
		{7C08F4D2-F2C6-47D5-9AFB-8431233F659E}.Debug|Any CPU.ActiveCfg = Debug|Any CPU
		{7C08F4D2-F2C6-47D5-9AFB-8431233F659E}.Debug|Any CPU.Build.0 = Debug|Any CPU
		{7C08F4D2-F2C6-47D5-9AFB-8431233F659E}.Release|Any CPU.ActiveCfg = Release|Any CPU
		{7C08F4D2-F2C6-47D5-9AFB-8431233F659E}.Release|Any CPU.Build.0 = Release|Any CPU
		{87085A0B-2743-49AE-9D56-78139E975178}.Debug|Any CPU.ActiveCfg = Debug|Any CPU
		{87085A0B-2743-49AE-9D56-78139E975178}.Debug|Any CPU.Build.0 = Debug|Any CPU
		{87085A0B-2743-49AE-9D56-78139E975178}.Release|Any CPU.ActiveCfg = Release|Any CPU
		{87085A0B-2743-49AE-9D56-78139E975178}.Release|Any CPU.Build.0 = Release|Any CPU
		{5DD181A0-4EB7-422A-B03A-95883F905177}.Debug|Any CPU.ActiveCfg = Debug|Any CPU
		{5DD181A0-4EB7-422A-B03A-95883F905177}.Debug|Any CPU.Build.0 = Debug|Any CPU
		{5DD181A0-4EB7-422A-B03A-95883F905177}.Release|Any CPU.ActiveCfg = Release|Any CPU
		{5DD181A0-4EB7-422A-B03A-95883F905177}.Release|Any CPU.Build.0 = Release|Any CPU
		{DF00FA14-2269-44ED-B8D2-F4756674ED8E}.Debug|Any CPU.ActiveCfg = Debug|Any CPU
		{DF00FA14-2269-44ED-B8D2-F4756674ED8E}.Debug|Any CPU.Build.0 = Debug|Any CPU
		{DF00FA14-2269-44ED-B8D2-F4756674ED8E}.Release|Any CPU.ActiveCfg = Release|Any CPU
		{DF00FA14-2269-44ED-B8D2-F4756674ED8E}.Release|Any CPU.Build.0 = Release|Any CPU
		{7C139153-D751-44EB-8A81-4D2D85E1AA3C}.Debug|Any CPU.ActiveCfg = Debug|Any CPU
		{7C139153-D751-44EB-8A81-4D2D85E1AA3C}.Debug|Any CPU.Build.0 = Debug|Any CPU
		{7C139153-D751-44EB-8A81-4D2D85E1AA3C}.Release|Any CPU.ActiveCfg = Release|Any CPU
		{7C139153-D751-44EB-8A81-4D2D85E1AA3C}.Release|Any CPU.Build.0 = Release|Any CPU
	EndGlobalSection
	GlobalSection(SolutionProperties) = preSolution
		HideSolutionNode = FALSE
	EndGlobalSection
	GlobalSection(NestedProjects) = preSolution
		{87085A0B-2743-49AE-9D56-78139E975178} = {85AD2FD5-1852-4959-9CD8-F9D6A3F6444E}
		{7C139153-D751-44EB-8A81-4D2D85E1AA3C} = {36A14957-63DF-4947-A1EE-B135380D0C38}
	EndGlobalSection
	GlobalSection(ExtensibilityGlobals) = postSolution
		SolutionGuid = {9B0C2F66-AB35-4211-B3BF-7722F033F3CC}
	EndGlobalSection
EndGlobal
